
Microsoft Visual Studio Solution File, Format Version 12.00
# Visual Studio Version 17
VisualStudioVersion = 17.11.35312.102
MinimumVisualStudioVersion = 10.0.40219.1
Project("{FAE04EC0-301F-11D3-BF4B-00C04F79EFBC}") = "MoviesSearchApp", "MoviesSearchApp\MoviesSearchApp.csproj", "{1335BC3D-3AC7-481E-B80B-700F66BC0B39}"
EndProject
Global
	GlobalSection(SolutionConfigurationPlatforms) = preSolution
		Debug|Any CPU = Debug|Any CPU
		Release|Any CPU = Release|Any CPU
	EndGlobalSection
	GlobalSection(ProjectConfigurationPlatforms) = postSolution
		{1335BC3D-3AC7-481E-B80B-700F66BC0B39}.Debug|Any CPU.ActiveCfg = Debug|Any CPU
		{1335BC3D-3AC7-481E-B80B-700F66BC0B39}.Debug|Any CPU.Build.0 = Debug|Any CPU
		{1335BC3D-3AC7-481E-B80B-700F66BC0B39}.Release|Any CPU.ActiveCfg = Release|Any CPU
		{1335BC3D-3AC7-481E-B80B-700F66BC0B39}.Release|Any CPU.Build.0 = Release|Any CPU
	EndGlobalSection
	GlobalSection(SolutionProperties) = preSolution
		HideSolutionNode = FALSE
	EndGlobalSection
	GlobalSection(ExtensibilityGlobals) = postSolution
		SolutionGuid = {7F0F982C-64A2-4114-B380-B1F6CA83BD5A}
	EndGlobalSection
EndGlobal
